
Microsoft Visual Studio Solution File, Format Version 12.00
# Visual Studio Version 17
VisualStudioVersion = 17.2.32602.215
MinimumVisualStudioVersion = 10.0.40219.1
Project("{9A19103F-16F7-4668-BE54-9A1E7A4F7556}") = "CSharp-Reactivity", "CSharp-Reactivity\CSharp-Reactivity.csproj", "{7C87C450-0C8A-45D6-815B-FB22AF66005C}"
EndProject
Project("{9A19103F-16F7-4668-BE54-9A1E7A4F7556}") = "CSharp-Reactivity.Tests", "CSharp-Reactivity.Tests\CSharp-Reactivity.Tests.csproj", "{367F07E1-3644-4867-86F8-DA63AE049806}"
EndProject
Global
	GlobalSection(SolutionConfigurationPlatforms) = preSolution
		Debug|Any CPU = Debug|Any CPU
		Release|Any CPU = Release|Any CPU
	EndGlobalSection
	GlobalSection(ProjectConfigurationPlatforms) = postSolution
		{7C87C450-0C8A-45D6-815B-FB22AF66005C}.Debug|Any CPU.ActiveCfg = Release|Any CPU
		{7C87C450-0C8A-45D6-815B-FB22AF66005C}.Debug|Any CPU.Build.0 = Release|Any CPU
		{7C87C450-0C8A-45D6-815B-FB22AF66005C}.Release|Any CPU.ActiveCfg = Release|Any CPU
		{7C87C450-0C8A-45D6-815B-FB22AF66005C}.Release|Any CPU.Build.0 = Release|Any CPU
		{367F07E1-3644-4867-86F8-DA63AE049806}.Debug|Any CPU.ActiveCfg = Release|Any CPU
		{367F07E1-3644-4867-86F8-DA63AE049806}.Debug|Any CPU.Build.0 = Release|Any CPU
		{367F07E1-3644-4867-86F8-DA63AE049806}.Release|Any CPU.ActiveCfg = Release|Any CPU
		{367F07E1-3644-4867-86F8-DA63AE049806}.Release|Any CPU.Build.0 = Release|Any CPU
	EndGlobalSection
	GlobalSection(SolutionProperties) = preSolution
		HideSolutionNode = FALSE
	EndGlobalSection
	GlobalSection(ExtensibilityGlobals) = postSolution
		SolutionGuid = {91BEABB6-811C-468C-87D2-DB5EEACABDC4}
	EndGlobalSection
EndGlobal
